
Microsoft Visual Studio Solution File, Format Version 12.00
# Visual Studio 15
VisualStudioVersion = 15.0.28010.2050
MinimumVisualStudioVersion = 10.0.40219.1
Project("{FAE04EC0-301F-11D3-BF4B-00C04F79EFBC}") = "Parking", "Parking\Parking.csproj", "{95159DD8-7D5A-45A8-A7B4-9A8270F3A444}"
EndProject
Project("{FAE04EC0-301F-11D3-BF4B-00C04F79EFBC}") = "Parking.UnitTests", "Parking.UnitTests\Parking.UnitTests.csproj", "{82646E43-6636-48CF-A75B-993C4AD6ED6C}"
EndProject
Project("{FAE04EC0-301F-11D3-BF4B-00C04F79EFBC}") = "Parking.Model", "Parking.Model\Parking.Model.csproj", "{3EB957D5-2742-4FF0-B453-4D02F4216BF8}"
EndProject
Project("{FAE04EC0-301F-11D3-BF4B-00C04F79EFBC}") = "Parking.Services", "Parking.Services\Parking.Services.csproj", "{D719407C-E9AA-48CD-9058-BB533C92ABE0}"
EndProject
Global
	GlobalSection(SolutionConfigurationPlatforms) = preSolution
		Debug|Any CPU = Debug|Any CPU
		Debug|x64 = Debug|x64
		Release|Any CPU = Release|Any CPU
		Release|x64 = Release|x64
	EndGlobalSection
	GlobalSection(ProjectConfigurationPlatforms) = postSolution
		{95159DD8-7D5A-45A8-A7B4-9A8270F3A444}.Debug|Any CPU.ActiveCfg = Debug|Any CPU
		{95159DD8-7D5A-45A8-A7B4-9A8270F3A444}.Debug|Any CPU.Build.0 = Debug|Any CPU
		{95159DD8-7D5A-45A8-A7B4-9A8270F3A444}.Debug|x64.ActiveCfg = Debug|x64
		{95159DD8-7D5A-45A8-A7B4-9A8270F3A444}.Debug|x64.Build.0 = Debug|x64
		{95159DD8-7D5A-45A8-A7B4-9A8270F3A444}.Release|Any CPU.ActiveCfg = Release|Any CPU
		{95159DD8-7D5A-45A8-A7B4-9A8270F3A444}.Release|Any CPU.Build.0 = Release|Any CPU
		{95159DD8-7D5A-45A8-A7B4-9A8270F3A444}.Release|x64.ActiveCfg = Release|x64
		{95159DD8-7D5A-45A8-A7B4-9A8270F3A444}.Release|x64.Build.0 = Release|x64
		{82646E43-6636-48CF-A75B-993C4AD6ED6C}.Debug|Any CPU.ActiveCfg = Debug|Any CPU
		{82646E43-6636-48CF-A75B-993C4AD6ED6C}.Debug|Any CPU.Build.0 = Debug|Any CPU
		{82646E43-6636-48CF-A75B-993C4AD6ED6C}.Debug|x64.ActiveCfg = Debug|x64
		{82646E43-6636-48CF-A75B-993C4AD6ED6C}.Debug|x64.Build.0 = Debug|x64
		{82646E43-6636-48CF-A75B-993C4AD6ED6C}.Release|Any CPU.ActiveCfg = Release|Any CPU
		{82646E43-6636-48CF-A75B-993C4AD6ED6C}.Release|Any CPU.Build.0 = Release|Any CPU
		{82646E43-6636-48CF-A75B-993C4AD6ED6C}.Release|x64.ActiveCfg = Release|x64
		{82646E43-6636-48CF-A75B-993C4AD6ED6C}.Release|x64.Build.0 = Release|x64
		{3EB957D5-2742-4FF0-B453-4D02F4216BF8}.Debug|Any CPU.ActiveCfg = Debug|Any CPU
		{3EB957D5-2742-4FF0-B453-4D02F4216BF8}.Debug|Any CPU.Build.0 = Debug|Any CPU
		{3EB957D5-2742-4FF0-B453-4D02F4216BF8}.Debug|x64.ActiveCfg = Debug|x64
		{3EB957D5-2742-4FF0-B453-4D02F4216BF8}.Debug|x64.Build.0 = Debug|x64
		{3EB957D5-2742-4FF0-B453-4D02F4216BF8}.Release|Any CPU.ActiveCfg = Release|Any CPU
		{3EB957D5-2742-4FF0-B453-4D02F4216BF8}.Release|Any CPU.Build.0 = Release|Any CPU
		{3EB957D5-2742-4FF0-B453-4D02F4216BF8}.Release|x64.ActiveCfg = Release|x64
		{3EB957D5-2742-4FF0-B453-4D02F4216BF8}.Release|x64.Build.0 = Release|x64
		{D719407C-E9AA-48CD-9058-BB533C92ABE0}.Debug|Any CPU.ActiveCfg = Debug|Any CPU
		{D719407C-E9AA-48CD-9058-BB533C92ABE0}.Debug|Any CPU.Build.0 = Debug|Any CPU
		{D719407C-E9AA-48CD-9058-BB533C92ABE0}.Debug|x64.ActiveCfg = Debug|x64
		{D719407C-E9AA-48CD-9058-BB533C92ABE0}.Debug|x64.Build.0 = Debug|x64
		{D719407C-E9AA-48CD-9058-BB533C92ABE0}.Release|Any CPU.ActiveCfg = Release|Any CPU
		{D719407C-E9AA-48CD-9058-BB533C92ABE0}.Release|Any CPU.Build.0 = Release|Any CPU
		{D719407C-E9AA-48CD-9058-BB533C92ABE0}.Release|x64.ActiveCfg = Release|x64
		{D719407C-E9AA-48CD-9058-BB533C92ABE0}.Release|x64.Build.0 = Release|x64
	EndGlobalSection
	GlobalSection(SolutionProperties) = preSolution
		HideSolutionNode = FALSE
	EndGlobalSection
	GlobalSection(ExtensibilityGlobals) = postSolution
		SolutionGuid = {2E2CD3AA-4E6B-4BFD-A61F-8097FFE2034B}
	EndGlobalSection
EndGlobal
